<?xml version="1.0" encoding="utf-8"?>
<Project ToolsVersion="4.0" xmlns="http://schemas.microsoft.com/developer/msbuild/2003">
  <ItemGroup>
    <Filter Include="소스 파일">
      <UniqueIdentifier>{4FC737F1-C7A5-4376-A066-2A32D752A2FF}</UniqueIdentifier>
      <Extensions>cpp;c;cc;cxx;c++;cppm;ixx;def;odl;idl;hpj;bat;asm;asmx</Extensions>
    </Filter>
    <Filter Include="헤더 파일">
      <UniqueIdentifier>{93995380-89BD-4b04-88EB-625FBE52EBFB}</UniqueIdentifier>
      <Extensions>h;hh;hpp;hxx;h++;hm;inl;inc;ipp;xsd</Extensions>
    </Filter>
    <Filter Include="리소스 파일">
      <UniqueIdentifier>{67DA6AB6-F800-4c08-8B7A-83BB121AAD01}</UniqueIdentifier>
      <Extensions>rc;ico;cur;bmp;dlg;rc2;rct;bin;rgs;gif;jpg;jpeg;jpe;resx;tiff;tif;png;wav;mfcribbon-ms</Extensions>
    </Filter>
    <Filter Include="소스 파일\Global">
      <UniqueIdentifier>{15a07c32-a97a-48b7-831a-078502009bba}</UniqueIdentifier>
    </Filter>
    <Filter Include="소스 파일\InGame">
      <UniqueIdentifier>{9faa83a1-5956-47a0-9194-e27fefbf57bb}</UniqueIdentifier>
    </Filter>
  </ItemGroup>
  <ItemGroup>
    <ClCompile Include="..\Source\Global\main.cpp">
      <Filter>소스 파일\Global</Filter>
    </ClCompile>
    <ClCompile Include="..\Source\InGame\Actor.cpp">
      <Filter>소스 파일\InGame</Filter>
    </ClCompile>
    <ClCompile Include="..\Source\InGame\Character.cpp">
      <Filter>소스 파일\InGame</Filter>
    </ClCompile>
    <ClCompile Include="..\Source\InGame\EnemyCharacter.cpp">
      <Filter>소스 파일\InGame</Filter>
    </ClCompile>
    <ClCompile Include="..\Source\InGame\EnemyProjectile.cpp">
      <Filter>소스 파일\InGame</Filter>
    </ClCompile>
    <ClCompile Include="..\Source\InGame\PlayerCharacter.cpp">
      <Filter>소스 파일\InGame</Filter>
    </ClCompile>
    <ClCompile Include="..\Source\InGame\PlayerProjectile.cpp">
      <Filter>소스 파일\InGame</Filter>
    </ClCompile>
    <ClCompile Include="..\Source\InGame\Projectile.cpp">
      <Filter>소스 파일\InGame</Filter>
    </ClCompile>
    <ClCompile Include="..\Source\Global\GlobalVariables.cpp">
      <Filter>소스 파일\Global</Filter>
    </ClCompile>
  </ItemGroup>
  <ItemGroup>
    <ClInclude Include="..\Source\InGame\Actor.h">
      <Filter>소스 파일\InGame</Filter>
    </ClInclude>
    <ClInclude Include="..\Source\InGame\Character.h">
      <Filter>소스 파일\InGame</Filter>
    </ClInclude>
    <ClInclude Include="..\Source\InGame\EnemyCharacter.h">
      <Filter>소스 파일\InGame</Filter>
    </ClInclude>
    <ClInclude Include="..\Source\InGame\EnemyProjectile.h">
      <Filter>소스 파일\InGame</Filter>
    </ClInclude>
    <ClInclude Include="..\Source\InGame\PlayerCharacter.h">
      <Filter>소스 파일\InGame</Filter>
    </ClInclude>
    <ClInclude Include="..\Source\InGame\PlayerProjectile.h">
      <Filter>소스 파일\InGame</Filter>
    </ClInclude>
    <ClInclude Include="..\Source\InGame\Projectile.h">
      <Filter>소스 파일\InGame</Filter>
    </ClInclude>
    <ClInclude Include="..\Source\Global\GlobalVariables.h">
      <Filter>소스 파일\Global</Filter>
    </ClInclude>
  </ItemGroup>
</Project>